// !$*UTF8*$!
{
	archiveVersion = 1;
	classes = {
	};
	objectVersion = 46;
	objects = {

/* Begin PBXBuildFile section */
		9F01263726D342D200C09B72 /* BluePipe.swift in Sources */ = {isa = PBXBuildFile; fileRef = 9F01263626D342D200C09B72 /* BluePipe.swift */; };
		9F01263A26D3449900C09B72 /* CBCentralManager+BluePipe.swift in Sources */ = {isa = PBXBuildFile; fileRef = 9F01263926D3449900C09B72 /* CBCentralManager+BluePipe.swift */; };
		9F01263C26D3798C00C09B72 /* CBPeripheral+BluePipe.swift in Sources */ = {isa = PBXBuildFile; fileRef = 9F01263B26D3798C00C09B72 /* CBPeripheral+BluePipe.swift */; };
		9F01264126D48CBD00C09B72 /* BPPacket.swift in Sources */ = {isa = PBXBuildFile; fileRef = 9F01264026D48CBD00C09B72 /* BPPacket.swift */; };
		9F01264326D49EF100C09B72 /* BPCache.swift in Sources */ = {isa = PBXBuildFile; fileRef = 9F01264226D49EF100C09B72 /* BPCache.swift */; };
		9F3EE6C426C229930087282E /* BPCentralManager.swift in Sources */ = {isa = PBXBuildFile; fileRef = 9F3EE6C326C229930087282E /* BPCentralManager.swift */; };
		9F3EE6C726C22B550087282E /* BPRemotePeripheral.swift in Sources */ = {isa = PBXBuildFile; fileRef = 9F3EE6C626C22B550087282E /* BPRemotePeripheral.swift */; };
		9F3EE6C926C2512C0087282E /* BPConnection.swift in Sources */ = {isa = PBXBuildFile; fileRef = 9F3EE6C826C2512C0087282E /* BPConnection.swift */; };
		9F3EE6CD26C37AB20087282E /* BPPeripheralDelegateProxy.swift in Sources */ = {isa = PBXBuildFile; fileRef = 9F3EE6CC26C37AB20087282E /* BPPeripheralDelegateProxy.swift */; };
		9F3EE6CF26C3AC730087282E /* BPPipeEnd.swift in Sources */ = {isa = PBXBuildFile; fileRef = 9F3EE6CE26C3AC730087282E /* BPPipeEnd.swift */; };
		9FF0B86F26D5E902001F9B19 /* BPPeripheralManager.swift in Sources */ = {isa = PBXBuildFile; fileRef = 9FF0B86E26D5E902001F9B19 /* BPPeripheralManager.swift */; };
		9FF0B87126D5EBB9001F9B19 /* BPPeripheralManagerDelegateProxy.swift in Sources */ = {isa = PBXBuildFile; fileRef = 9FF0B87026D5EBB9001F9B19 /* BPPeripheralManagerDelegateProxy.swift */; };
		9FF0B88026D770CD001F9B19 /* BP.swift in Sources */ = {isa = PBXBuildFile; fileRef = 9FF0B87F26D770CD001F9B19 /* BP.swift */; };
		9FF0B88226D77F99001F9B19 /* BPPort.swift in Sources */ = {isa = PBXBuildFile; fileRef = 9FF0B88126D77F99001F9B19 /* BPPort.swift */; };
		OBJ_28 /* BPCentralManagerDelegateProxy.swift in Sources */ = {isa = PBXBuildFile; fileRef = OBJ_9 /* BPCentralManagerDelegateProxy.swift */; };
		OBJ_29 /* BPConfiguration.swift in Sources */ = {isa = PBXBuildFile; fileRef = OBJ_10 /* BPConfiguration.swift */; };
		OBJ_30 /* BPDiscovery.swift in Sources */ = {isa = PBXBuildFile; fileRef = OBJ_11 /* BPDiscovery.swift */; };
		OBJ_31 /* BPError.swift in Sources */ = {isa = PBXBuildFile; fileRef = OBJ_12 /* BPError.swift */; };
		OBJ_32 /* BPScanner.swift in Sources */ = {isa = PBXBuildFile; fileRef = OBJ_13 /* BPScanner.swift */; };
/* End PBXBuildFile section */

/* Begin PBXFileReference section */
		9F01263626D342D200C09B72 /* BluePipe.swift */ = {isa = PBXFileReference; lastKnownFileType = sourcecode.swift; path = BluePipe.swift; sourceTree = "<group>"; };
		9F01263926D3449900C09B72 /* CBCentralManager+BluePipe.swift */ = {isa = PBXFileReference; lastKnownFileType = sourcecode.swift; path = "CBCentralManager+BluePipe.swift"; sourceTree = "<group>"; };
		9F01263B26D3798C00C09B72 /* CBPeripheral+BluePipe.swift */ = {isa = PBXFileReference; lastKnownFileType = sourcecode.swift; path = "CBPeripheral+BluePipe.swift"; sourceTree = "<group>"; };
		9F01264026D48CBD00C09B72 /* BPPacket.swift */ = {isa = PBXFileReference; lastKnownFileType = sourcecode.swift; path = BPPacket.swift; sourceTree = "<group>"; };
		9F01264226D49EF100C09B72 /* BPCache.swift */ = {isa = PBXFileReference; lastKnownFileType = sourcecode.swift; path = BPCache.swift; sourceTree = "<group>"; };
		9F3EE6C326C229930087282E /* BPCentralManager.swift */ = {isa = PBXFileReference; lastKnownFileType = sourcecode.swift; path = BPCentralManager.swift; sourceTree = "<group>"; };
		9F3EE6C626C22B550087282E /* BPRemotePeripheral.swift */ = {isa = PBXFileReference; lastKnownFileType = sourcecode.swift; path = BPRemotePeripheral.swift; sourceTree = "<group>"; };
		9F3EE6C826C2512C0087282E /* BPConnection.swift */ = {isa = PBXFileReference; lastKnownFileType = sourcecode.swift; path = BPConnection.swift; sourceTree = "<group>"; };
		9F3EE6CC26C37AB20087282E /* BPPeripheralDelegateProxy.swift */ = {isa = PBXFileReference; lastKnownFileType = sourcecode.swift; path = BPPeripheralDelegateProxy.swift; sourceTree = "<group>"; };
		9F3EE6CE26C3AC730087282E /* BPPipeEnd.swift */ = {isa = PBXFileReference; lastKnownFileType = sourcecode.swift; path = BPPipeEnd.swift; sourceTree = "<group>"; };
		9FF0B86E26D5E902001F9B19 /* BPPeripheralManager.swift */ = {isa = PBXFileReference; lastKnownFileType = sourcecode.swift; path = BPPeripheralManager.swift; sourceTree = "<group>"; };
		9FF0B87026D5EBB9001F9B19 /* BPPeripheralManagerDelegateProxy.swift */ = {isa = PBXFileReference; lastKnownFileType = sourcecode.swift; path = BPPeripheralManagerDelegateProxy.swift; sourceTree = "<group>"; };
		9FF0B87F26D770CD001F9B19 /* BP.swift */ = {isa = PBXFileReference; lastKnownFileType = sourcecode.swift; path = BP.swift; sourceTree = "<group>"; };
		9FF0B88126D77F99001F9B19 /* BPPort.swift */ = {isa = PBXFileReference; lastKnownFileType = sourcecode.swift; path = BPPort.swift; sourceTree = "<group>"; };
		"BlePipe::BlePipe::Product" /* BlePipe.framework */ = {isa = PBXFileReference; lastKnownFileType = wrapper.framework; path = BlePipe.framework; sourceTree = BUILT_PRODUCTS_DIR; };
		OBJ_10 /* BPConfiguration.swift */ = {isa = PBXFileReference; lastKnownFileType = sourcecode.swift; path = BPConfiguration.swift; sourceTree = "<group>"; };
		OBJ_11 /* BPDiscovery.swift */ = {isa = PBXFileReference; lastKnownFileType = sourcecode.swift; path = BPDiscovery.swift; sourceTree = "<group>"; };
		OBJ_12 /* BPError.swift */ = {isa = PBXFileReference; lastKnownFileType = sourcecode.swift; path = BPError.swift; sourceTree = "<group>"; };
		OBJ_13 /* BPScanner.swift */ = {isa = PBXFileReference; lastKnownFileType = sourcecode.swift; path = BPScanner.swift; sourceTree = "<group>"; };
		OBJ_21 /* LICENSE */ = {isa = PBXFileReference; lastKnownFileType = text; path = LICENSE; sourceTree = "<group>"; };
		OBJ_22 /* README.md */ = {isa = PBXFileReference; lastKnownFileType = net.daringfireball.markdown; path = README.md; sourceTree = "<group>"; };
		OBJ_6 /* Package.swift */ = {isa = PBXFileReference; explicitFileType = sourcecode.swift; path = Package.swift; sourceTree = "<group>"; };
		OBJ_9 /* BPCentralManagerDelegateProxy.swift */ = {isa = PBXFileReference; lastKnownFileType = sourcecode.swift; path = BPCentralManagerDelegateProxy.swift; sourceTree = "<group>"; };
/* End PBXFileReference section */

/* Begin PBXFrameworksBuildPhase section */
		OBJ_33 /* Frameworks */ = {
			isa = PBXFrameworksBuildPhase;
			buildActionMask = 0;
			files = (
			);
			runOnlyForDeploymentPostprocessing = 0;
		};
/* End PBXFrameworksBuildPhase section */

/* Begin PBXGroup section */
		9F01263826D343DF00C09B72 /* Extensions */ = {
			isa = PBXGroup;
			children = (
				9F01263926D3449900C09B72 /* CBCentralManager+BluePipe.swift */,
				9F01263B26D3798C00C09B72 /* CBPeripheral+BluePipe.swift */,
			);
			path = Extensions;
			sourceTree = "<group>";
		};
		9FF0B86C26D5E8A4001F9B19 /* Central */ = {
			isa = PBXGroup;
			children = (
				OBJ_9 /* BPCentralManagerDelegateProxy.swift */,
				OBJ_11 /* BPDiscovery.swift */,
				OBJ_13 /* BPScanner.swift */,
				9F3EE6C326C229930087282E /* BPCentralManager.swift */,
				9F3EE6C626C22B550087282E /* BPRemotePeripheral.swift */,
				9F3EE6CC26C37AB20087282E /* BPPeripheralDelegateProxy.swift */,
			);
			path = Central;
			sourceTree = "<group>";
		};
		9FF0B86D26D5E8C0001F9B19 /* Peripheral */ = {
			isa = PBXGroup;
			children = (
				9FF0B86E26D5E902001F9B19 /* BPPeripheralManager.swift */,
				9FF0B87026D5EBB9001F9B19 /* BPPeripheralManagerDelegateProxy.swift */,
				9FF0B88126D77F99001F9B19 /* BPPort.swift */,
			);
			path = Peripheral;
			sourceTree = "<group>";
		};
		OBJ_17 /* Products */ = {
			isa = PBXGroup;
			children = (
				"BlePipe::BlePipe::Product" /* BlePipe.framework */,
			);
			name = Products;
			sourceTree = BUILT_PRODUCTS_DIR;
		};
		OBJ_5 = {
			isa = PBXGroup;
			children = (
				OBJ_6 /* Package.swift */,
				OBJ_7 /* Sources */,
				OBJ_17 /* Products */,
				OBJ_21 /* LICENSE */,
				OBJ_22 /* README.md */,
			);
			sourceTree = "<group>";
		};
		OBJ_7 /* Sources */ = {
			isa = PBXGroup;
			children = (
				9F01263826D343DF00C09B72 /* Extensions */,
				OBJ_8 /* BlePipe */,
				9FF0B87F26D770CD001F9B19 /* BP.swift */,
			);
			name = Sources;
			sourceTree = SOURCE_ROOT;
		};
		OBJ_8 /* BlePipe */ = {
			isa = PBXGroup;
			children = (
				9FF0B86D26D5E8C0001F9B19 /* Peripheral */,
				9FF0B86C26D5E8A4001F9B19 /* Central */,
				OBJ_10 /* BPConfiguration.swift */,
				OBJ_12 /* BPError.swift */,
				9F3EE6C826C2512C0087282E /* BPConnection.swift */,
				9F3EE6CE26C3AC730087282E /* BPPipeEnd.swift */,
				9F01263626D342D200C09B72 /* BluePipe.swift */,
				9F01264026D48CBD00C09B72 /* BPPacket.swift */,
				9F01264226D49EF100C09B72 /* BPCache.swift */,
			);
			name = BlePipe;
			path = Sources/BlePipe;
			sourceTree = SOURCE_ROOT;
		};
/* End PBXGroup section */

/* Begin PBXNativeTarget section */
		"BlePipe::BlePipe" /* BlePipe */ = {
			isa = PBXNativeTarget;
			buildConfigurationList = OBJ_24 /* Build configuration list for PBXNativeTarget "BlePipe" */;
			buildPhases = (
				OBJ_27 /* Sources */,
				OBJ_33 /* Frameworks */,
			);
			buildRules = (
			);
			dependencies = (
			);
			name = BlePipe;
			productName = BlePipe;
			productReference = "BlePipe::BlePipe::Product" /* BlePipe.framework */;
			productType = "com.apple.product-type.framework";
		};
/* End PBXNativeTarget section */

/* Begin PBXProject section */
		OBJ_1 /* Project object */ = {
			isa = PBXProject;
			attributes = {
				LastSwiftMigration = 9999;
				LastUpgradeCheck = 9999;
			};
			buildConfigurationList = OBJ_2 /* Build configuration list for PBXProject "BlePipe" */;
			compatibilityVersion = "Xcode 3.2";
			developmentRegion = en;
			hasScannedForEncodings = 0;
			knownRegions = (
				en,
			);
			mainGroup = OBJ_5;
			productRefGroup = OBJ_17 /* Products */;
			projectDirPath = "";
			projectRoot = "";
			targets = (
				"BlePipe::BlePipe" /* BlePipe */,
			);
		};
/* End PBXProject section */

/* Begin PBXSourcesBuildPhase section */
		OBJ_27 /* Sources */ = {
			isa = PBXSourcesBuildPhase;
			buildActionMask = 0;
			files = (
				OBJ_28 /* BPCentralManagerDelegateProxy.swift in Sources */,
				9F01264326D49EF100C09B72 /* BPCache.swift in Sources */,
				9F3EE6C726C22B550087282E /* BPRemotePeripheral.swift in Sources */,
				9F01263726D342D200C09B72 /* BluePipe.swift in Sources */,
				9F01264126D48CBD00C09B72 /* BPPacket.swift in Sources */,
				9F01263C26D3798C00C09B72 /* CBPeripheral+BluePipe.swift in Sources */,
				9F3EE6C426C229930087282E /* BPCentralManager.swift in Sources */,
				9F01263A26D3449900C09B72 /* CBCentralManager+BluePipe.swift in Sources */,
				9F3EE6CD26C37AB20087282E /* BPPeripheralDelegateProxy.swift in Sources */,
				OBJ_29 /* BPConfiguration.swift in Sources */,
				OBJ_30 /* BPDiscovery.swift in Sources */,
				OBJ_31 /* BPError.swift in Sources */,
				OBJ_32 /* BPScanner.swift in Sources */,
				9FF0B87126D5EBB9001F9B19 /* BPPeripheralManagerDelegateProxy.swift in Sources */,
				9FF0B86F26D5E902001F9B19 /* BPPeripheralManager.swift in Sources */,
				9F3EE6C926C2512C0087282E /* BPConnection.swift in Sources */,
				9FF0B88226D77F99001F9B19 /* BPPort.swift in Sources */,
				9FF0B88026D770CD001F9B19 /* BP.swift in Sources */,
				9F3EE6CF26C3AC730087282E /* BPPipeEnd.swift in Sources */,
			);
			runOnlyForDeploymentPostprocessing = 0;
		};
/* End PBXSourcesBuildPhase section */

/* Begin XCBuildConfiguration section */
		OBJ_25 /* Debug */ = {
			isa = XCBuildConfiguration;
			buildSettings = {
				CURRENT_PROJECT_VERSION = 1;
				ENABLE_TESTABILITY = YES;
				FRAMEWORK_SEARCH_PATHS = (
					"$(inherited)",
					"$(PLATFORM_DIR)/Developer/Library/Frameworks",
				);
				HEADER_SEARCH_PATHS = "$(inherited)";
				INFOPLIST_FILE = BlePipe.xcodeproj/BlePipe_Info.plist;
				IPHONEOS_DEPLOYMENT_TARGET = 10.0;
				LD_RUNPATH_SEARCH_PATHS = "$(inherited) $(TOOLCHAIN_DIR)/usr/lib/swift/macosx";
				MACOSX_DEPLOYMENT_TARGET = 10.13;
				OTHER_CFLAGS = "$(inherited)";
				OTHER_LDFLAGS = "$(inherited)";
				OTHER_SWIFT_FLAGS = "$(inherited)";
				PRODUCT_BUNDLE_IDENTIFIER = BlePipe;
				PRODUCT_MODULE_NAME = "$(TARGET_NAME:c99extidentifier)";
				PRODUCT_NAME = "$(TARGET_NAME:c99extidentifier)";
				SKIP_INSTALL = YES;
				SWIFT_ACTIVE_COMPILATION_CONDITIONS = "$(inherited)";
				SWIFT_VERSION = 5.0;
				TARGET_NAME = BlePipe;
				TVOS_DEPLOYMENT_TARGET = 9.0;
				WATCHOS_DEPLOYMENT_TARGET = 2.0;
			};
			name = Debug;
		};
		OBJ_26 /* Release */ = {
			isa = XCBuildConfiguration;
			buildSettings = {
				CURRENT_PROJECT_VERSION = 1;
				ENABLE_TESTABILITY = YES;
				FRAMEWORK_SEARCH_PATHS = (
					"$(inherited)",
					"$(PLATFORM_DIR)/Developer/Library/Frameworks",
				);
				HEADER_SEARCH_PATHS = "$(inherited)";
				INFOPLIST_FILE = BlePipe.xcodeproj/BlePipe_Info.plist;
				IPHONEOS_DEPLOYMENT_TARGET = 10.0;
				LD_RUNPATH_SEARCH_PATHS = "$(inherited) $(TOOLCHAIN_DIR)/usr/lib/swift/macosx";
				MACOSX_DEPLOYMENT_TARGET = 10.13;
				OTHER_CFLAGS = "$(inherited)";
				OTHER_LDFLAGS = "$(inherited)";
				OTHER_SWIFT_FLAGS = "$(inherited)";
				PRODUCT_BUNDLE_IDENTIFIER = BlePipe;
				PRODUCT_MODULE_NAME = "$(TARGET_NAME:c99extidentifier)";
				PRODUCT_NAME = "$(TARGET_NAME:c99extidentifier)";
				SKIP_INSTALL = YES;
				SWIFT_ACTIVE_COMPILATION_CONDITIONS = "$(inherited)";
				SWIFT_VERSION = 5.0;
				TARGET_NAME = BlePipe;
				TVOS_DEPLOYMENT_TARGET = 9.0;
				WATCHOS_DEPLOYMENT_TARGET = 2.0;
			};
			name = Release;
		};
		OBJ_3 /* Debug */ = {
			isa = XCBuildConfiguration;
			buildSettings = {
				CLANG_ENABLE_OBJC_ARC = YES;
				COMBINE_HIDPI_IMAGES = YES;
				COPY_PHASE_STRIP = NO;
				DEBUG_INFORMATION_FORMAT = dwarf;
				DYLIB_INSTALL_NAME_BASE = "@rpath";
				ENABLE_NS_ASSERTIONS = YES;
				GCC_OPTIMIZATION_LEVEL = 0;
				GCC_PREPROCESSOR_DEFINITIONS = (
					"$(inherited)",
					"SWIFT_PACKAGE=1",
					"DEBUG=1",
				);
				MACOSX_DEPLOYMENT_TARGET = 10.10;
				ONLY_ACTIVE_ARCH = YES;
				OTHER_SWIFT_FLAGS = "$(inherited) -DXcode";
				PRODUCT_NAME = "$(TARGET_NAME)";
				SDKROOT = macosx;
				SUPPORTED_PLATFORMS = "$(AVAILABLE_PLATFORMS)";
				SUPPORTS_MACCATALYST = YES;
				SWIFT_ACTIVE_COMPILATION_CONDITIONS = "$(inherited) SWIFT_PACKAGE DEBUG";
				SWIFT_OPTIMIZATION_LEVEL = "-Onone";
				USE_HEADERMAP = NO;
			};
			name = Debug;
		};
		OBJ_4 /* Release */ = {
			isa = XCBuildConfiguration;
			buildSettings = {
				CLANG_ENABLE_OBJC_ARC = YES;
				COMBINE_HIDPI_IMAGES = YES;
				COPY_PHASE_STRIP = YES;
				DEBUG_INFORMATION_FORMAT = "dwarf-with-dsym";
				DYLIB_INSTALL_NAME_BASE = "@rpath";
				GCC_OPTIMIZATION_LEVEL = s;
				GCC_PREPROCESSOR_DEFINITIONS = (
					"$(inherited)",
					"SWIFT_PACKAGE=1",
				);
				MACOSX_DEPLOYMENT_TARGET = 10.10;
				OTHER_SWIFT_FLAGS = "$(inherited) -DXcode";
				PRODUCT_NAME = "$(TARGET_NAME)";
				SDKROOT = macosx;
				SUPPORTED_PLATFORMS = "$(AVAILABLE_PLATFORMS)";
				SUPPORTS_MACCATALYST = YES;
				SWIFT_ACTIVE_COMPILATION_CONDITIONS = "$(inherited) SWIFT_PACKAGE";
				SWIFT_OPTIMIZATION_LEVEL = "-Owholemodule";
				USE_HEADERMAP = NO;
			};
			name = Release;
		};
/* End XCBuildConfiguration section */

/* Begin XCConfigurationList section */
		OBJ_2 /* Build configuration list for PBXProject "BlePipe" */ = {
			isa = XCConfigurationList;
			buildConfigurations = (
				OBJ_3 /* Debug */,
				OBJ_4 /* Release */,
			);
			defaultConfigurationIsVisible = 0;
			defaultConfigurationName = Release;
		};
		OBJ_24 /* Build configuration list for PBXNativeTarget "BlePipe" */ = {
			isa = XCConfigurationList;
			buildConfigurations = (
				OBJ_25 /* Debug */,
				OBJ_26 /* Release */,
			);
			defaultConfigurationIsVisible = 0;
			defaultConfigurationName = Release;
		};
/* End XCConfigurationList section */
	};
	rootObject = OBJ_1 /* Project object */;
}
